
Microsoft Visual Studio Solution File, Format Version 12.00
# Visual Studio 15
VisualStudioVersion = 15.0.26730.8
MinimumVisualStudioVersion = 10.0.40219.1
Project("{2150E333-8FDC-42A3-9474-1A3956D46DE8}") = "Knt.Client", "Knt.Client", "{D35BF52F-7D7E-4815-AA98-742256145121}"
EndProject
Project("{2150E333-8FDC-42A3-9474-1A3956D46DE8}") = "Knt.Server", "Knt.Server", "{F138365A-C24A-4C76-921B-502A2B340895}"
EndProject
Global
	GlobalSection(SolutionProperties) = preSolution
		HideSolutionNode = FALSE
	EndGlobalSection
	GlobalSection(ExtensibilityGlobals) = postSolution
		SolutionGuid = {5C33F7FE-0643-4D63-BDB4-FA2C68E904D7}
	EndGlobalSection
EndGlobal
